
Microsoft Visual Studio Solution File, Format Version 12.00
# Visual Studio Version 17
VisualStudioVersion = 17.7.34202.233
MinimumVisualStudioVersion = 10.0.40219.1
Project("{FAE04EC0-301F-11D3-BF4B-00C04F79EFBC}") = "FindJuniorVacancy", "FindJuniorVacancy\FindJuniorVacancy.csproj", "{D758B9E1-0F21-4DB9-9539-D8F6DF419EE4}"
EndProject
Global
	GlobalSection(SolutionConfigurationPlatforms) = preSolution
		Debug|Any CPU = Debug|Any CPU
		Release|Any CPU = Release|Any CPU
	EndGlobalSection
	GlobalSection(ProjectConfigurationPlatforms) = postSolution
		{D758B9E1-0F21-4DB9-9539-D8F6DF419EE4}.Debug|Any CPU.ActiveCfg = Debug|Any CPU
		{D758B9E1-0F21-4DB9-9539-D8F6DF419EE4}.Debug|Any CPU.Build.0 = Debug|Any CPU
		{D758B9E1-0F21-4DB9-9539-D8F6DF419EE4}.Release|Any CPU.ActiveCfg = Release|Any CPU
		{D758B9E1-0F21-4DB9-9539-D8F6DF419EE4}.Release|Any CPU.Build.0 = Release|Any CPU
	EndGlobalSection
	GlobalSection(SolutionProperties) = preSolution
		HideSolutionNode = FALSE
	EndGlobalSection
	GlobalSection(ExtensibilityGlobals) = postSolution
		SolutionGuid = {D0D4E767-1B38-4C60-85A9-6BD3B3DAB904}
	EndGlobalSection
EndGlobal
